
Microsoft Visual Studio Solution File, Format Version 12.00
# Visual Studio Version 17
VisualStudioVersion = 17.8.34511.84
MinimumVisualStudioVersion = 10.0.40219.1
Project("{FAE04EC0-301F-11D3-BF4B-00C04F79EFBC}") = "CerchioTostring", "CerchioTostring\CerchioTostring.csproj", "{FC973B14-AD31-457C-B456-CC5F51B41A6E}"
EndProject
Global
	GlobalSection(SolutionConfigurationPlatforms) = preSolution
		Debug|Any CPU = Debug|Any CPU
		Release|Any CPU = Release|Any CPU
	EndGlobalSection
	GlobalSection(ProjectConfigurationPlatforms) = postSolution
		{FC973B14-AD31-457C-B456-CC5F51B41A6E}.Debug|Any CPU.ActiveCfg = Debug|Any CPU
		{FC973B14-AD31-457C-B456-CC5F51B41A6E}.Debug|Any CPU.Build.0 = Debug|Any CPU
		{FC973B14-AD31-457C-B456-CC5F51B41A6E}.Release|Any CPU.ActiveCfg = Release|Any CPU
		{FC973B14-AD31-457C-B456-CC5F51B41A6E}.Release|Any CPU.Build.0 = Release|Any CPU
	EndGlobalSection
	GlobalSection(SolutionProperties) = preSolution
		HideSolutionNode = FALSE
	EndGlobalSection
	GlobalSection(ExtensibilityGlobals) = postSolution
		SolutionGuid = {41D297C4-3BFF-4329-B503-7A852630D047}
	EndGlobalSection
EndGlobal
